// !$*UTF8*$!
{
	archiveVersion = 1;
	classes = {
	};
	objectVersion = 46;
	objects = {

/* Begin PBXBuildFile section */
		5FD697A21DF88C4226D11AE7 /* Pods_VEF_Widget.framework in Frameworks */ = {isa = PBXBuildFile; fileRef = BF08E87D05AF0B03BC81948E /* Pods_VEF_Widget.framework */; };
		856660A9E0D181F07663159D /* Pods_VEF_Exchange.framework in Frameworks */ = {isa = PBXBuildFile; fileRef = 3C4E52B0205A1B22BD40E505 /* Pods_VEF_Exchange.framework */; };
		B00E773B1F6B138B00649500 /* AppDelegate.swift in Sources */ = {isa = PBXBuildFile; fileRef = B00E773A1F6B138B00649500 /* AppDelegate.swift */; };
		B00E773D1F6B138B00649500 /* ViewController.swift in Sources */ = {isa = PBXBuildFile; fileRef = B00E773C1F6B138B00649500 /* ViewController.swift */; };
		B00E77401F6B138B00649500 /* Main.storyboard in Resources */ = {isa = PBXBuildFile; fileRef = B00E773E1F6B138B00649500 /* Main.storyboard */; };
		B00E77421F6B138B00649500 /* Assets.xcassets in Resources */ = {isa = PBXBuildFile; fileRef = B00E77411F6B138B00649500 /* Assets.xcassets */; };
		B00E77451F6B138B00649500 /* LaunchScreen.storyboard in Resources */ = {isa = PBXBuildFile; fileRef = B00E77431F6B138B00649500 /* LaunchScreen.storyboard */; };
		B00E77531F6B164100649500 /* NotificationCenter.framework in Frameworks */ = {isa = PBXBuildFile; fileRef = B00E77521F6B164100649500 /* NotificationCenter.framework */; };
		B00E77561F6B164100649500 /* TodayViewController.swift in Sources */ = {isa = PBXBuildFile; fileRef = B00E77551F6B164100649500 /* TodayViewController.swift */; };
		B00E77591F6B164100649500 /* MainInterface.storyboard in Resources */ = {isa = PBXBuildFile; fileRef = B00E77571F6B164100649500 /* MainInterface.storyboard */; };
		B00E775D1F6B164100649500 /* VEF Widget.appex in Embed App Extensions */ = {isa = PBXBuildFile; fileRef = B00E77501F6B164100649500 /* VEF Widget.appex */; settings = {ATTRIBUTES = (RemoveHeadersOnCopy, ); }; };
/* End PBXBuildFile section */

/* Begin PBXContainerItemProxy section */
		B00E775B1F6B164100649500 /* PBXContainerItemProxy */ = {
			isa = PBXContainerItemProxy;
			containerPortal = B00E772F1F6B138B00649500 /* Project object */;
			proxyType = 1;
			remoteGlobalIDString = B00E774F1F6B164100649500;
			remoteInfo = "VEF Widget";
		};
/* End PBXContainerItemProxy section */

/* Begin PBXCopyFilesBuildPhase section */
		B00E77611F6B164100649500 /* Embed App Extensions */ = {
			isa = PBXCopyFilesBuildPhase;
			buildActionMask = 2147483647;
			dstPath = "";
			dstSubfolderSpec = 13;
			files = (
				B00E775D1F6B164100649500 /* VEF Widget.appex in Embed App Extensions */,
			);
			name = "Embed App Extensions";
			runOnlyForDeploymentPostprocessing = 0;
		};
/* End PBXCopyFilesBuildPhase section */

/* Begin PBXFileReference section */
		17BDEB85C9B3EFF38F25851D /* Pods-VEF Widget.release.xcconfig */ = {isa = PBXFileReference; includeInIndex = 1; lastKnownFileType = text.xcconfig; name = "Pods-VEF Widget.release.xcconfig"; path = "Pods/Target Support Files/Pods-VEF Widget/Pods-VEF Widget.release.xcconfig"; sourceTree = "<group>"; };
		3C4E52B0205A1B22BD40E505 /* Pods_VEF_Exchange.framework */ = {isa = PBXFileReference; explicitFileType = wrapper.framework; includeInIndex = 0; path = Pods_VEF_Exchange.framework; sourceTree = BUILT_PRODUCTS_DIR; };
		84DBBA801C349BF63C36AFD7 /* Pods-VEF Widget.debug.xcconfig */ = {isa = PBXFileReference; includeInIndex = 1; lastKnownFileType = text.xcconfig; name = "Pods-VEF Widget.debug.xcconfig"; path = "Pods/Target Support Files/Pods-VEF Widget/Pods-VEF Widget.debug.xcconfig"; sourceTree = "<group>"; };
		B00E77371F6B138B00649500 /* VEF Exchange.app */ = {isa = PBXFileReference; explicitFileType = wrapper.application; includeInIndex = 0; path = "VEF Exchange.app"; sourceTree = BUILT_PRODUCTS_DIR; };
		B00E773A1F6B138B00649500 /* AppDelegate.swift */ = {isa = PBXFileReference; lastKnownFileType = sourcecode.swift; path = AppDelegate.swift; sourceTree = "<group>"; };
		B00E773C1F6B138B00649500 /* ViewController.swift */ = {isa = PBXFileReference; lastKnownFileType = sourcecode.swift; path = ViewController.swift; sourceTree = "<group>"; };
		B00E773F1F6B138B00649500 /* Base */ = {isa = PBXFileReference; lastKnownFileType = file.storyboard; name = Base; path = Base.lproj/Main.storyboard; sourceTree = "<group>"; };
		B00E77411F6B138B00649500 /* Assets.xcassets */ = {isa = PBXFileReference; lastKnownFileType = folder.assetcatalog; path = Assets.xcassets; sourceTree = "<group>"; };
		B00E77441F6B138B00649500 /* Base */ = {isa = PBXFileReference; lastKnownFileType = file.storyboard; name = Base; path = Base.lproj/LaunchScreen.storyboard; sourceTree = "<group>"; };
		B00E77461F6B138B00649500 /* Info.plist */ = {isa = PBXFileReference; lastKnownFileType = text.plist.xml; path = Info.plist; sourceTree = "<group>"; };
		B00E77501F6B164100649500 /* VEF Widget.appex */ = {isa = PBXFileReference; explicitFileType = "wrapper.app-extension"; includeInIndex = 0; path = "VEF Widget.appex"; sourceTree = BUILT_PRODUCTS_DIR; };
		B00E77521F6B164100649500 /* NotificationCenter.framework */ = {isa = PBXFileReference; lastKnownFileType = wrapper.framework; name = NotificationCenter.framework; path = System/Library/Frameworks/NotificationCenter.framework; sourceTree = SDKROOT; };
		B00E77551F6B164100649500 /* TodayViewController.swift */ = {isa = PBXFileReference; lastKnownFileType = sourcecode.swift; path = TodayViewController.swift; sourceTree = "<group>"; };
		B00E77581F6B164100649500 /* Base */ = {isa = PBXFileReference; lastKnownFileType = file.storyboard; name = Base; path = Base.lproj/MainInterface.storyboard; sourceTree = "<group>"; };
		B00E775A1F6B164100649500 /* Info.plist */ = {isa = PBXFileReference; lastKnownFileType = text.plist.xml; path = Info.plist; sourceTree = "<group>"; };
		BF08E87D05AF0B03BC81948E /* Pods_VEF_Widget.framework */ = {isa = PBXFileReference; explicitFileType = wrapper.framework; includeInIndex = 0; path = Pods_VEF_Widget.framework; sourceTree = BUILT_PRODUCTS_DIR; };
		C57CA29698C938B363115044 /* Pods-VEF Exchange.release.xcconfig */ = {isa = PBXFileReference; includeInIndex = 1; lastKnownFileType = text.xcconfig; name = "Pods-VEF Exchange.release.xcconfig"; path = "Pods/Target Support Files/Pods-VEF Exchange/Pods-VEF Exchange.release.xcconfig"; sourceTree = "<group>"; };
		E2869EF7CFC31588F4DC6622 /* Pods-VEF Exchange.debug.xcconfig */ = {isa = PBXFileReference; includeInIndex = 1; lastKnownFileType = text.xcconfig; name = "Pods-VEF Exchange.debug.xcconfig"; path = "Pods/Target Support Files/Pods-VEF Exchange/Pods-VEF Exchange.debug.xcconfig"; sourceTree = "<group>"; };
/* End PBXFileReference section */

/* Begin PBXFrameworksBuildPhase section */
		B00E77341F6B138B00649500 /* Frameworks */ = {
			isa = PBXFrameworksBuildPhase;
			buildActionMask = 2147483647;
			files = (
				856660A9E0D181F07663159D /* Pods_VEF_Exchange.framework in Frameworks */,
			);
			runOnlyForDeploymentPostprocessing = 0;
		};
		B00E774D1F6B164100649500 /* Frameworks */ = {
			isa = PBXFrameworksBuildPhase;
			buildActionMask = 2147483647;
			files = (
				B00E77531F6B164100649500 /* NotificationCenter.framework in Frameworks */,
				5FD697A21DF88C4226D11AE7 /* Pods_VEF_Widget.framework in Frameworks */,
			);
			runOnlyForDeploymentPostprocessing = 0;
		};
/* End PBXFrameworksBuildPhase section */

/* Begin PBXGroup section */
		57406BB83DE1BDCA683CF5E4 /* Pods */ = {
			isa = PBXGroup;
			children = (
				E2869EF7CFC31588F4DC6622 /* Pods-VEF Exchange.debug.xcconfig */,
				C57CA29698C938B363115044 /* Pods-VEF Exchange.release.xcconfig */,
				84DBBA801C349BF63C36AFD7 /* Pods-VEF Widget.debug.xcconfig */,
				17BDEB85C9B3EFF38F25851D /* Pods-VEF Widget.release.xcconfig */,
			);
			name = Pods;
			sourceTree = "<group>";
		};
		B00E772E1F6B138B00649500 = {
			isa = PBXGroup;
			children = (
				B00E77391F6B138B00649500 /* VEF Exchange */,
				B00E77541F6B164100649500 /* VEF Widget */,
				B00E77511F6B164100649500 /* Frameworks */,
				B00E77381F6B138B00649500 /* Products */,
				57406BB83DE1BDCA683CF5E4 /* Pods */,
			);
			sourceTree = "<group>";
		};
		B00E77381F6B138B00649500 /* Products */ = {
			isa = PBXGroup;
			children = (
				B00E77371F6B138B00649500 /* VEF Exchange.app */,
				B00E77501F6B164100649500 /* VEF Widget.appex */,
			);
			name = Products;
			sourceTree = "<group>";
		};
		B00E77391F6B138B00649500 /* VEF Exchange */ = {
			isa = PBXGroup;
			children = (
				B00E773A1F6B138B00649500 /* AppDelegate.swift */,
				B00E773C1F6B138B00649500 /* ViewController.swift */,
				B00E773E1F6B138B00649500 /* Main.storyboard */,
				B00E77411F6B138B00649500 /* Assets.xcassets */,
				B00E77431F6B138B00649500 /* LaunchScreen.storyboard */,
				B00E77461F6B138B00649500 /* Info.plist */,
			);
			path = "VEF Exchange";
			sourceTree = "<group>";
		};
		B00E77511F6B164100649500 /* Frameworks */ = {
			isa = PBXGroup;
			children = (
				B00E77521F6B164100649500 /* NotificationCenter.framework */,
				3C4E52B0205A1B22BD40E505 /* Pods_VEF_Exchange.framework */,
				BF08E87D05AF0B03BC81948E /* Pods_VEF_Widget.framework */,
			);
			name = Frameworks;
			sourceTree = "<group>";
		};
		B00E77541F6B164100649500 /* VEF Widget */ = {
			isa = PBXGroup;
			children = (
				B00E77551F6B164100649500 /* TodayViewController.swift */,
				B00E77571F6B164100649500 /* MainInterface.storyboard */,
				B00E775A1F6B164100649500 /* Info.plist */,
			);
			path = "VEF Widget";
			sourceTree = "<group>";
		};
/* End PBXGroup section */

/* Begin PBXNativeTarget section */
		B00E77361F6B138B00649500 /* VEF Exchange */ = {
			isa = PBXNativeTarget;
			buildConfigurationList = B00E77491F6B138B00649500 /* Build configuration list for PBXNativeTarget "VEF Exchange" */;
			buildPhases = (
				D7CFF1F0A00D32968579A179 /* [CP] Check Pods Manifest.lock */,
				B00E77331F6B138B00649500 /* Sources */,
				B00E77341F6B138B00649500 /* Frameworks */,
				B00E77351F6B138B00649500 /* Resources */,
				B00E77611F6B164100649500 /* Embed App Extensions */,
				1FB10CE311F70A673AC6833A /* [CP] Embed Pods Frameworks */,
				F2603C99B0A3D9DDCDF5E20A /* [CP] Copy Pods Resources */,
			);
			buildRules = (
			);
			dependencies = (
				B00E775C1F6B164100649500 /* PBXTargetDependency */,
			);
			name = "VEF Exchange";
			productName = "VEF Exchange";
			productReference = B00E77371F6B138B00649500 /* VEF Exchange.app */;
			productType = "com.apple.product-type.application";
		};
		B00E774F1F6B164100649500 /* VEF Widget */ = {
			isa = PBXNativeTarget;
			buildConfigurationList = B00E775E1F6B164100649500 /* Build configuration list for PBXNativeTarget "VEF Widget" */;
			buildPhases = (
				5B8D0B0527663CAE8E065E59 /* [CP] Check Pods Manifest.lock */,
				B00E774C1F6B164100649500 /* Sources */,
				B00E774D1F6B164100649500 /* Frameworks */,
				B00E774E1F6B164100649500 /* Resources */,
				01D8192400512744224FF0F8 /* [CP] Copy Pods Resources */,
			);
			buildRules = (
			);
			dependencies = (
			);
			name = "VEF Widget";
			productName = "VEF Widget";
			productReference = B00E77501F6B164100649500 /* VEF Widget.appex */;
			productType = "com.apple.product-type.app-extension";
		};
/* End PBXNativeTarget section */

/* Begin PBXProject section */
		B00E772F1F6B138B00649500 /* Project object */ = {
			isa = PBXProject;
			attributes = {
				LastSwiftUpdateCheck = 0830;
				LastUpgradeCheck = 0830;
				ORGANIZATIONNAME = "Patrick Rengifo";
				TargetAttributes = {
					B00E77361F6B138B00649500 = {
						CreatedOnToolsVersion = 8.3.2;
						DevelopmentTeam = 88RQDVG2WX;
						ProvisioningStyle = Automatic;
					};
					B00E774F1F6B164100649500 = {
						CreatedOnToolsVersion = 8.3.2;
						DevelopmentTeam = 88RQDVG2WX;
						ProvisioningStyle = Automatic;
					};
				};
			};
			buildConfigurationList = B00E77321F6B138B00649500 /* Build configuration list for PBXProject "VEF Exchange" */;
			compatibilityVersion = "Xcode 3.2";
			developmentRegion = English;
			hasScannedForEncodings = 0;
			knownRegions = (
				en,
				Base,
			);
			mainGroup = B00E772E1F6B138B00649500;
			productRefGroup = B00E77381F6B138B00649500 /* Products */;
			projectDirPath = "";
			projectRoot = "";
			targets = (
				B00E77361F6B138B00649500 /* VEF Exchange */,
				B00E774F1F6B164100649500 /* VEF Widget */,
			);
		};
/* End PBXProject section */

/* Begin PBXResourcesBuildPhase section */
		B00E77351F6B138B00649500 /* Resources */ = {
			isa = PBXResourcesBuildPhase;
			buildActionMask = 2147483647;
			files = (
				B00E77451F6B138B00649500 /* LaunchScreen.storyboard in Resources */,
				B00E77421F6B138B00649500 /* Assets.xcassets in Resources */,
				B00E77401F6B138B00649500 /* Main.storyboard in Resources */,
			);
			runOnlyForDeploymentPostprocessing = 0;
		};
		B00E774E1F6B164100649500 /* Resources */ = {
			isa = PBXResourcesBuildPhase;
			buildActionMask = 2147483647;
			files = (
				B00E77591F6B164100649500 /* MainInterface.storyboard in Resources */,
			);
			runOnlyForDeploymentPostprocessing = 0;
		};
/* End PBXResourcesBuildPhase section */

/* Begin PBXShellScriptBuildPhase section */
		01D8192400512744224FF0F8 /* [CP] Copy Pods Resources */ = {
			isa = PBXShellScriptBuildPhase;
			buildActionMask = 2147483647;
			files = (
			);
			inputPaths = (
			);
			name = "[CP] Copy Pods Resources";
			outputPaths = (
			);
			runOnlyForDeploymentPostprocessing = 0;
			shellPath = /bin/sh;
			shellScript = "\"${SRCROOT}/Pods/Target Support Files/Pods-VEF Widget/Pods-VEF Widget-resources.sh\"\n";
			showEnvVarsInLog = 0;
		};
		1FB10CE311F70A673AC6833A /* [CP] Embed Pods Frameworks */ = {
			isa = PBXShellScriptBuildPhase;
			buildActionMask = 2147483647;
			files = (
			);
			inputPaths = (
				"${SRCROOT}/Pods/Target Support Files/Pods-VEF Exchange/Pods-VEF Exchange-frameworks.sh",
				"${BUILT_PRODUCTS_DIR}/Alamofire/Alamofire.framework",
				"${BUILT_PRODUCTS_DIR}/SwiftyJSON/SwiftyJSON.framework",
			);
			name = "[CP] Embed Pods Frameworks";
			outputPaths = (
				"${TARGET_BUILD_DIR}/${FRAMEWORKS_FOLDER_PATH}/Alamofire.framework",
				"${TARGET_BUILD_DIR}/${FRAMEWORKS_FOLDER_PATH}/SwiftyJSON.framework",
			);
			runOnlyForDeploymentPostprocessing = 0;
			shellPath = /bin/sh;
			shellScript = "\"${SRCROOT}/Pods/Target Support Files/Pods-VEF Exchange/Pods-VEF Exchange-frameworks.sh\"\n";
			showEnvVarsInLog = 0;
		};
		5B8D0B0527663CAE8E065E59 /* [CP] Check Pods Manifest.lock */ = {
			isa = PBXShellScriptBuildPhase;
			buildActionMask = 2147483647;
			files = (
			);
			inputPaths = (
				"${PODS_PODFILE_DIR_PATH}/Podfile.lock",
				"${PODS_ROOT}/Manifest.lock",
			);
			name = "[CP] Check Pods Manifest.lock";
			outputPaths = (
				"$(DERIVED_FILE_DIR)/Pods-VEF Widget-checkManifestLockResult.txt",
			);
			runOnlyForDeploymentPostprocessing = 0;
			shellPath = /bin/sh;
			shellScript = "diff \"${PODS_PODFILE_DIR_PATH}/Podfile.lock\" \"${PODS_ROOT}/Manifest.lock\" > /dev/null\nif [ $? != 0 ] ; then\n    # print error to STDERR\n    echo \"error: The sandbox is not in sync with the Podfile.lock. Run 'pod install' or update your CocoaPods installation.\" >&2\n    exit 1\nfi\n# This output is used by Xcode 'outputs' to avoid re-running this script phase.\necho \"SUCCESS\" > \"${SCRIPT_OUTPUT_FILE_0}\"\n";
			showEnvVarsInLog = 0;
		};
		D7CFF1F0A00D32968579A179 /* [CP] Check Pods Manifest.lock */ = {
			isa = PBXShellScriptBuildPhase;
			buildActionMask = 2147483647;
			files = (
			);
			inputPaths = (
				"${PODS_PODFILE_DIR_PATH}/Podfile.lock",
				"${PODS_ROOT}/Manifest.lock",
			);
			name = "[CP] Check Pods Manifest.lock";
			outputPaths = (
				"$(DERIVED_FILE_DIR)/Pods-VEF Exchange-checkManifestLockResult.txt",
			);
			runOnlyForDeploymentPostprocessing = 0;
			shellPath = /bin/sh;
			shellScript = "diff \"${PODS_PODFILE_DIR_PATH}/Podfile.lock\" \"${PODS_ROOT}/Manifest.lock\" > /dev/null\nif [ $? != 0 ] ; then\n    # print error to STDERR\n    echo \"error: The sandbox is not in sync with the Podfile.lock. Run 'pod install' or update your CocoaPods installation.\" >&2\n    exit 1\nfi\n# This output is used by Xcode 'outputs' to avoid re-running this script phase.\necho \"SUCCESS\" > \"${SCRIPT_OUTPUT_FILE_0}\"\n";
			showEnvVarsInLog = 0;
		};
		F2603C99B0A3D9DDCDF5E20A /* [CP] Copy Pods Resources */ = {
			isa = PBXShellScriptBuildPhase;
			buildActionMask = 2147483647;
			files = (
			);
			inputPaths = (
			);
			name = "[CP] Copy Pods Resources";
			outputPaths = (
			);
			runOnlyForDeploymentPostprocessing = 0;
			shellPath = /bin/sh;
			shellScript = "\"${SRCROOT}/Pods/Target Support Files/Pods-VEF Exchange/Pods-VEF Exchange-resources.sh\"\n";
			showEnvVarsInLog = 0;
		};
/* End PBXShellScriptBuildPhase section */

/* Begin PBXSourcesBuildPhase section */
		B00E77331F6B138B00649500 /* Sources */ = {
			isa = PBXSourcesBuildPhase;
			buildActionMask = 2147483647;
			files = (
				B00E773D1F6B138B00649500 /* ViewController.swift in Sources */,
				B00E773B1F6B138B00649500 /* AppDelegate.swift in Sources */,
			);
			runOnlyForDeploymentPostprocessing = 0;
		};
		B00E774C1F6B164100649500 /* Sources */ = {
			isa = PBXSourcesBuildPhase;
			buildActionMask = 2147483647;
			files = (
				B00E77561F6B164100649500 /* TodayViewController.swift in Sources */,
			);
			runOnlyForDeploymentPostprocessing = 0;
		};
/* End PBXSourcesBuildPhase section */

/* Begin PBXTargetDependency section */
		B00E775C1F6B164100649500 /* PBXTargetDependency */ = {
			isa = PBXTargetDependency;
			target = B00E774F1F6B164100649500 /* VEF Widget */;
			targetProxy = B00E775B1F6B164100649500 /* PBXContainerItemProxy */;
		};
/* End PBXTargetDependency section */

/* Begin PBXVariantGroup section */
		B00E773E1F6B138B00649500 /* Main.storyboard */ = {
			isa = PBXVariantGroup;
			children = (
				B00E773F1F6B138B00649500 /* Base */,
			);
			name = Main.storyboard;
			sourceTree = "<group>";
		};
		B00E77431F6B138B00649500 /* LaunchScreen.storyboard */ = {
			isa = PBXVariantGroup;
			children = (
				B00E77441F6B138B00649500 /* Base */,
			);
			name = LaunchScreen.storyboard;
			sourceTree = "<group>";
		};
		B00E77571F6B164100649500 /* MainInterface.storyboard */ = {
			isa = PBXVariantGroup;
			children = (
				B00E77581F6B164100649500 /* Base */,
			);
			name = MainInterface.storyboard;
			sourceTree = "<group>";
		};
/* End PBXVariantGroup section */

/* Begin XCBuildConfiguration section */
		B00E77471F6B138B00649500 /* Debug */ = {
			isa = XCBuildConfiguration;
			buildSettings = {
				ALWAYS_SEARCH_USER_PATHS = NO;
				CLANG_ANALYZER_NONNULL = YES;
				CLANG_ANALYZER_NUMBER_OBJECT_CONVERSION = YES_AGGRESSIVE;
				CLANG_CXX_LANGUAGE_STANDARD = "gnu++0x";
				CLANG_CXX_LIBRARY = "libc++";
				CLANG_ENABLE_MODULES = YES;
				CLANG_ENABLE_OBJC_ARC = YES;
				CLANG_WARN_BOOL_CONVERSION = YES;
				CLANG_WARN_CONSTANT_CONVERSION = YES;
				CLANG_WARN_DIRECT_OBJC_ISA_USAGE = YES_ERROR;
				CLANG_WARN_DOCUMENTATION_COMMENTS = YES;
				CLANG_WARN_EMPTY_BODY = YES;
				CLANG_WARN_ENUM_CONVERSION = YES;
				CLANG_WARN_INFINITE_RECURSION = YES;
				CLANG_WARN_INT_CONVERSION = YES;
				CLANG_WARN_OBJC_ROOT_CLASS = YES_ERROR;
				CLANG_WARN_SUSPICIOUS_MOVE = YES;
				CLANG_WARN_UNREACHABLE_CODE = YES;
				CLANG_WARN__DUPLICATE_METHOD_MATCH = YES;
				"CODE_SIGN_IDENTITY[sdk=iphoneos*]" = "iPhone Developer";
				COPY_PHASE_STRIP = NO;
				DEBUG_INFORMATION_FORMAT = dwarf;
				ENABLE_STRICT_OBJC_MSGSEND = YES;
				ENABLE_TESTABILITY = YES;
				GCC_C_LANGUAGE_STANDARD = gnu99;
				GCC_DYNAMIC_NO_PIC = NO;
				GCC_NO_COMMON_BLOCKS = YES;
				GCC_OPTIMIZATION_LEVEL = 0;
				GCC_PREPROCESSOR_DEFINITIONS = (
					"DEBUG=1",
					"$(inherited)",
				);
				GCC_WARN_64_TO_32_BIT_CONVERSION = YES;
				GCC_WARN_ABOUT_RETURN_TYPE = YES_ERROR;
				GCC_WARN_UNDECLARED_SELECTOR = YES;
				GCC_WARN_UNINITIALIZED_AUTOS = YES_AGGRESSIVE;
				GCC_WARN_UNUSED_FUNCTION = YES;
				GCC_WARN_UNUSED_VARIABLE = YES;
				IPHONEOS_DEPLOYMENT_TARGET = 10.3;
				MTL_ENABLE_DEBUG_INFO = YES;
				ONLY_ACTIVE_ARCH = YES;
				SDKROOT = iphoneos;
				SWIFT_ACTIVE_COMPILATION_CONDITIONS = DEBUG;
				SWIFT_OPTIMIZATION_LEVEL = "-Onone";
				TARGETED_DEVICE_FAMILY = "1,2";
			};
			name = Debug;
		};
		B00E77481F6B138B00649500 /* Release */ = {
			isa = XCBuildConfiguration;
			buildSettings = {
				ALWAYS_SEARCH_USER_PATHS = NO;
				CLANG_ANALYZER_NONNULL = YES;
				CLANG_ANALYZER_NUMBER_OBJECT_CONVERSION = YES_AGGRESSIVE;
				CLANG_CXX_LANGUAGE_STANDARD = "gnu++0x";
				CLANG_CXX_LIBRARY = "libc++";
				CLANG_ENABLE_MODULES = YES;
				CLANG_ENABLE_OBJC_ARC = YES;
				CLANG_WARN_BOOL_CONVERSION = YES;
				CLANG_WARN_CONSTANT_CONVERSION = YES;
				CLANG_WARN_DIRECT_OBJC_ISA_USAGE = YES_ERROR;
				CLANG_WARN_DOCUMENTATION_COMMENTS = YES;
				CLANG_WARN_EMPTY_BODY = YES;
				CLANG_WARN_ENUM_CONVERSION = YES;
				CLANG_WARN_INFINITE_RECURSION = YES;
				CLANG_WARN_INT_CONVERSION = YES;
				CLANG_WARN_OBJC_ROOT_CLASS = YES_ERROR;
				CLANG_WARN_SUSPICIOUS_MOVE = YES;
				CLANG_WARN_UNREACHABLE_CODE = YES;
				CLANG_WARN__DUPLICATE_METHOD_MATCH = YES;
				"CODE_SIGN_IDENTITY[sdk=iphoneos*]" = "iPhone Developer";
				COPY_PHASE_STRIP = NO;
				DEBUG_INFORMATION_FORMAT = "dwarf-with-dsym";
				ENABLE_NS_ASSERTIONS = NO;
				ENABLE_STRICT_OBJC_MSGSEND = YES;
				GCC_C_LANGUAGE_STANDARD = gnu99;
				GCC_NO_COMMON_BLOCKS = YES;
				GCC_WARN_64_TO_32_BIT_CONVERSION = YES;
				GCC_WARN_ABOUT_RETURN_TYPE = YES_ERROR;
				GCC_WARN_UNDECLARED_SELECTOR = YES;
				GCC_WARN_UNINITIALIZED_AUTOS = YES_AGGRESSIVE;
				GCC_WARN_UNUSED_FUNCTION = YES;
				GCC_WARN_UNUSED_VARIABLE = YES;
				IPHONEOS_DEPLOYMENT_TARGET = 10.3;
				MTL_ENABLE_DEBUG_INFO = NO;
				SDKROOT = iphoneos;
				SWIFT_OPTIMIZATION_LEVEL = "-Owholemodule";
				TARGETED_DEVICE_FAMILY = "1,2";
				VALIDATE_PRODUCT = YES;
			};
			name = Release;
		};
		B00E774A1F6B138B00649500 /* Debug */ = {
			isa = XCBuildConfiguration;
			baseConfigurationReference = E2869EF7CFC31588F4DC6622 /* Pods-VEF Exchange.debug.xcconfig */;
			buildSettings = {
				ALWAYS_EMBED_SWIFT_STANDARD_LIBRARIES = YES;
				ASSETCATALOG_COMPILER_APPICON_NAME = AppIcon;
				DEVELOPMENT_TEAM = 88RQDVG2WX;
				INFOPLIST_FILE = "VEF Exchange/Info.plist";
				LD_RUNPATH_SEARCH_PATHS = "$(inherited) @executable_path/Frameworks";
				PRODUCT_BUNDLE_IDENTIFIER = "com.prengifo.VEF-Exchange";
				PRODUCT_NAME = "$(TARGET_NAME)";
				SWIFT_VERSION = 3.0;
			};
			name = Debug;
		};
		B00E774B1F6B138B00649500 /* Release */ = {
			isa = XCBuildConfiguration;
			baseConfigurationReference = C57CA29698C938B363115044 /* Pods-VEF Exchange.release.xcconfig */;
			buildSettings = {
				ALWAYS_EMBED_SWIFT_STANDARD_LIBRARIES = YES;
				ASSETCATALOG_COMPILER_APPICON_NAME = AppIcon;
				DEVELOPMENT_TEAM = 88RQDVG2WX;
				INFOPLIST_FILE = "VEF Exchange/Info.plist";
				LD_RUNPATH_SEARCH_PATHS = "$(inherited) @executable_path/Frameworks";
				PRODUCT_BUNDLE_IDENTIFIER = "com.prengifo.VEF-Exchange";
				PRODUCT_NAME = "$(TARGET_NAME)";
				SWIFT_VERSION = 3.0;
			};
			name = Release;
		};
		B00E775F1F6B164100649500 /* Debug */ = {
			isa = XCBuildConfiguration;
			baseConfigurationReference = 84DBBA801C349BF63C36AFD7 /* Pods-VEF Widget.debug.xcconfig */;
			buildSettings = {
				DEVELOPMENT_TEAM = 88RQDVG2WX;
				INFOPLIST_FILE = "VEF Widget/Info.plist";
				LD_RUNPATH_SEARCH_PATHS = "$(inherited) @executable_path/Frameworks @executable_path/../../Frameworks";
				PRODUCT_BUNDLE_IDENTIFIER = "com.prengifo.VEF-Exchange.VEF-Widget";
				PRODUCT_NAME = "$(TARGET_NAME)";
				SKIP_INSTALL = YES;
				SWIFT_VERSION = 3.0;
			};
			name = Debug;
		};
		B00E77601F6B164100649500 /* Release */ = {
			isa = XCBuildConfiguration;
			baseConfigurationReference = 17BDEB85C9B3EFF38F25851D /* Pods-VEF Widget.release.xcconfig */;
			buildSettings = {
				DEVELOPMENT_TEAM = 88RQDVG2WX;
				INFOPLIST_FILE = "VEF Widget/Info.plist";
				LD_RUNPATH_SEARCH_PATHS = "$(inherited) @executable_path/Frameworks @executable_path/../../Frameworks";
				PRODUCT_BUNDLE_IDENTIFIER = "com.prengifo.VEF-Exchange.VEF-Widget";
				PRODUCT_NAME = "$(TARGET_NAME)";
				SKIP_INSTALL = YES;
				SWIFT_VERSION = 3.0;
			};
			name = Release;
		};
/* End XCBuildConfiguration section */

/* Begin XCConfigurationList section */
		B00E77321F6B138B00649500 /* Build configuration list for PBXProject "VEF Exchange" */ = {
			isa = XCConfigurationList;
			buildConfigurations = (
				B00E77471F6B138B00649500 /* Debug */,
				B00E77481F6B138B00649500 /* Release */,
			);
			defaultConfigurationIsVisible = 0;
			defaultConfigurationName = Release;
		};
		B00E77491F6B138B00649500 /* Build configuration list for PBXNativeTarget "VEF Exchange" */ = {
			isa = XCConfigurationList;
			buildConfigurations = (
				B00E774A1F6B138B00649500 /* Debug */,
				B00E774B1F6B138B00649500 /* Release */,
			);
			defaultConfigurationIsVisible = 0;
			defaultConfigurationName = Release;
		};
		B00E775E1F6B164100649500 /* Build configuration list for PBXNativeTarget "VEF Widget" */ = {
			isa = XCConfigurationList;
			buildConfigurations = (
				B00E775F1F6B164100649500 /* Debug */,
				B00E77601F6B164100649500 /* Release */,
			);
			defaultConfigurationIsVisible = 0;
			defaultConfigurationName = Release;
		};
/* End XCConfigurationList section */
	};
	rootObject = B00E772F1F6B138B00649500 /* Project object */;
}
